<Solution>
  <Folder Name="/Client/">
    <Project Path="Client/MemoryVault.Client.csproj" />
  </Folder>
  <Folder Name="/Server/">
    <Project Path="Server/MemoryVault.Server.csproj" />
  </Folder>
  <Folder Name="/Shared/">
    <Project Path="Shared/MemoryVault.Shared.csproj" />
  </Folder>
</Solution>
